
Microsoft Visual Studio Solution File, Format Version 12.00
# Visual Studio Version 16
VisualStudioVersion = 16.0.32002.261
MinimumVisualStudioVersion = 10.0.40219.1
Project("{FAE04EC0-301F-11D3-BF4B-00C04F79EFBC}") = "TelypayAssignment", "TelypatAssignment\TelypayAssignment.csproj", "{EADB0B67-5AAB-4325-A63C-628E7B0B1C99}"
EndProject
Global
	GlobalSection(SolutionConfigurationPlatforms) = preSolution
		Debug|Any CPU = Debug|Any CPU
		Release|Any CPU = Release|Any CPU
	EndGlobalSection
	GlobalSection(ProjectConfigurationPlatforms) = postSolution
		{EADB0B67-5AAB-4325-A63C-628E7B0B1C99}.Debug|Any CPU.ActiveCfg = Debug|Any CPU
		{EADB0B67-5AAB-4325-A63C-628E7B0B1C99}.Debug|Any CPU.Build.0 = Debug|Any CPU
		{EADB0B67-5AAB-4325-A63C-628E7B0B1C99}.Release|Any CPU.ActiveCfg = Release|Any CPU
		{EADB0B67-5AAB-4325-A63C-628E7B0B1C99}.Release|Any CPU.Build.0 = Release|Any CPU
	EndGlobalSection
	GlobalSection(SolutionProperties) = preSolution
		HideSolutionNode = FALSE
	EndGlobalSection
	GlobalSection(ExtensibilityGlobals) = postSolution
		SolutionGuid = {20642AA6-B255-4FCA-946B-750AA2B4DE14}
	EndGlobalSection
EndGlobal
